
Microsoft Visual Studio Solution File, Format Version 12.00
# Visual Studio Version 16
VisualStudioVersion = 16.0.29009.5
MinimumVisualStudioVersion = 10.0.40219.1
Project("{FAE04EC0-301F-11D3-BF4B-00C04F79EFBC}") = "FarmTogetherAutoTools", "FarmTogetherAutoTools\FarmTogetherAutoTools.csproj", "{3EFD3C2A-6340-4621-88F3-D555B8E2722C}"
EndProject
Global
	GlobalSection(SolutionConfigurationPlatforms) = preSolution
		Debug|Any CPU = Debug|Any CPU
		Release|Any CPU = Release|Any CPU
	EndGlobalSection
	GlobalSection(ProjectConfigurationPlatforms) = postSolution
		{3EFD3C2A-6340-4621-88F3-D555B8E2722C}.Debug|Any CPU.ActiveCfg = Debug|Any CPU
		{3EFD3C2A-6340-4621-88F3-D555B8E2722C}.Debug|Any CPU.Build.0 = Debug|Any CPU
		{3EFD3C2A-6340-4621-88F3-D555B8E2722C}.Release|Any CPU.ActiveCfg = Release|Any CPU
		{3EFD3C2A-6340-4621-88F3-D555B8E2722C}.Release|Any CPU.Build.0 = Release|Any CPU
	EndGlobalSection
	GlobalSection(SolutionProperties) = preSolution
		HideSolutionNode = FALSE
	EndGlobalSection
	GlobalSection(ExtensibilityGlobals) = postSolution
		SolutionGuid = {DDCE31BE-0188-4371-85A7-2E9754588E27}
	EndGlobalSection
EndGlobal
